PODS:
  - explore_shared (1.0)
  - shared (1.0)

DEPENDENCIES:
  - explore_shared (from `../features/explore_shared`)
  - shared (from `../shared`)

EXTERNAL SOURCES:
  explore_shared:
    :path: "../features/explore_shared"
  shared:
    :path: "../shared"

SPEC CHECKSUMS:
  explore_shared: 0d1532604f5ff5e0f438bf54960b7776464f0d46
  shared: 59bbadd07db5885f18897e4c17c5142801fa1d51

PODFILE CHECKSUM: 435160a3f92dab4cb45177c8bd8d411fe4977db3

COCOAPODS: 1.11.3
